
Microsoft Visual Studio Solution File, Format Version 12.00
# Visual Studio 14
VisualStudioVersion = 14.0.25123.0
MinimumVisualStudioVersion = 10.0.40219.1
Project("{FAE04EC0-301F-11D3-BF4B-00C04F79EFBC}") = "DSAMobile.Droid", "DSA Mobile\DSA_Mobile.Droid\DSAMobile.Droid.csproj", "{0A86C2E9-C70C-4FDE-8AE5-1BF4A19BA3BF}"
EndProject
Project("{FAE04EC0-301F-11D3-BF4B-00C04F79EFBC}") = "DSA_Mobile.WinPhone", "DSA Mobile\DSA_Mobile.WinPhone\DSA_Mobile.WinPhone.csproj", "{48625032-196A-4236-B988-315CD07C6FE9}"
EndProject
Project("{FAE04EC0-301F-11D3-BF4B-00C04F79EFBC}") = "DSA_Mobile.UWP", "DSA Mobile\DSA_Mobile.UWP\DSA_Mobile.UWP.csproj", "{223533BE-CEEF-4DBB-9715-74EC14345A2A}"
EndProject
Project("{FAE04EC0-301F-11D3-BF4B-00C04F79EFBC}") = "DSA_Mobile.Windows", "DSA Mobile\DSA_Mobile.Windows\DSA_Mobile.Windows.csproj", "{A53F1709-EEA6-4B78-A490-4B2907B5D719}"
EndProject
Project("{FAE04EC0-301F-11D3-BF4B-00C04F79EFBC}") = "DSAMobile", "DSA Mobile\DSA_Mobile\DSAMobile.csproj", "{1BA1733B-3FE1-4AD1-B754-3AB0E780E5A8}"
EndProject
Project("{2150E333-8FDC-42A3-9474-1A3956D46DE8}") = "SDK", "SDK", "{6BB26753-B283-4E41-A897-7122E6DC4239}"
EndProject
Project("{2150E333-8FDC-42A3-9474-1A3956D46DE8}") = "Platforms", "Platforms", "{D0A9143F-BC01-4998-BDA6-42AA5916695B}"
EndProject
Project("{FAE04EC0-301F-11D3-BF4B-00C04F79EFBC}") = "DSLink", "SDK\DSLink\DSLink.csproj", "{88591365-982E-41AF-9C02-AD8D84FBB54B}"
EndProject
Project("{FAE04EC0-301F-11D3-BF4B-00C04F79EFBC}") = "DSLink.Android", "SDK\DSLink.Android\DSLink.Android.csproj", "{78B455C4-93FE-4F00-890F-21B9299CC5B4}"
EndProject
Project("{FAE04EC0-301F-11D3-BF4B-00C04F79EFBC}") = "DSLink.iOS", "SDK\DSLink.iOS\DSLink.iOS.csproj", "{ADD4D660-A14D-4997-A805-EBD5ED97EF30}"
EndProject
Project("{FAE04EC0-301F-11D3-BF4B-00C04F79EFBC}") = "DSAMobile.Droid.Wear", "DSA Mobile\DSAMobile.Droid.Wear\DSAMobile.Droid.Wear.csproj", "{818737CB-33F1-460F-9C14-D3C0F0B46859}"
EndProject
Project("{FAE04EC0-301F-11D3-BF4B-00C04F79EFBC}") = "DSAMobile.iOS", "DSA Mobile\DSAMobile.iOS\DSAMobile.iOS.csproj", "{B3E618FE-975D-481C-93B8-69A85BA01472}"
EndProject
Global
	GlobalSection(SolutionConfigurationPlatforms) = preSolution
		Ad-Hoc|Any CPU = Ad-Hoc|Any CPU
		Ad-Hoc|ARM = Ad-Hoc|ARM
		Ad-Hoc|iPhone = Ad-Hoc|iPhone
		Ad-Hoc|iPhoneSimulator = Ad-Hoc|iPhoneSimulator
		Ad-Hoc|x64 = Ad-Hoc|x64
		Ad-Hoc|x86 = Ad-Hoc|x86
		AppStore|Any CPU = AppStore|Any CPU
		AppStore|ARM = AppStore|ARM
		AppStore|iPhone = AppStore|iPhone
		AppStore|iPhoneSimulator = AppStore|iPhoneSimulator
		AppStore|x64 = AppStore|x64
		AppStore|x86 = AppStore|x86
		Debug|Any CPU = Debug|Any CPU
		Debug|ARM = Debug|ARM
		Debug|iPhone = Debug|iPhone
		Debug|iPhoneSimulator = Debug|iPhoneSimulator
		Debug|x64 = Debug|x64
		Debug|x86 = Debug|x86
		Release|Any CPU = Release|Any CPU
		Release|ARM = Release|ARM
		Release|iPhone = Release|iPhone
		Release|iPhoneSimulator = Release|iPhoneSimulator
		Release|x64 = Release|x64
		Release|x86 = Release|x86
	EndGlobalSection
	GlobalSection(ProjectConfigurationPlatforms) = postSolution
		{0A86C2E9-C70C-4FDE-8AE5-1BF4A19BA3BF}.Ad-Hoc|Any CPU.ActiveCfg = Release|Any CPU
		{0A86C2E9-C70C-4FDE-8AE5-1BF4A19BA3BF}.Ad-Hoc|Any CPU.Build.0 = Release|Any CPU
		{0A86C2E9-C70C-4FDE-8AE5-1BF4A19BA3BF}.Ad-Hoc|Any CPU.Deploy.0 = Release|Any CPU
		{0A86C2E9-C70C-4FDE-8AE5-1BF4A19BA3BF}.Ad-Hoc|ARM.ActiveCfg = Release|Any CPU
		{0A86C2E9-C70C-4FDE-8AE5-1BF4A19BA3BF}.Ad-Hoc|ARM.Build.0 = Release|Any CPU
		{0A86C2E9-C70C-4FDE-8AE5-1BF4A19BA3BF}.Ad-Hoc|ARM.Deploy.0 = Release|Any CPU
		{0A86C2E9-C70C-4FDE-8AE5-1BF4A19BA3BF}.Ad-Hoc|iPhone.ActiveCfg = Release|Any CPU
		{0A86C2E9-C70C-4FDE-8AE5-1BF4A19BA3BF}.Ad-Hoc|iPhone.Build.0 = Release|Any CPU
		{0A86C2E9-C70C-4FDE-8AE5-1BF4A19BA3BF}.Ad-Hoc|iPhone.Deploy.0 = Release|Any CPU
		{0A86C2E9-C70C-4FDE-8AE5-1BF4A19BA3BF}.Ad-Hoc|iPhoneSimulator.ActiveCfg = Release|Any CPU
		{0A86C2E9-C70C-4FDE-8AE5-1BF4A19BA3BF}.Ad-Hoc|iPhoneSimulator.Build.0 = Release|Any CPU
		{0A86C2E9-C70C-4FDE-8AE5-1BF4A19BA3BF}.Ad-Hoc|iPhoneSimulator.Deploy.0 = Release|Any CPU
		{0A86C2E9-C70C-4FDE-8AE5-1BF4A19BA3BF}.Ad-Hoc|x64.ActiveCfg = Release|Any CPU
		{0A86C2E9-C70C-4FDE-8AE5-1BF4A19BA3BF}.Ad-Hoc|x64.Build.0 = Release|Any CPU
		{0A86C2E9-C70C-4FDE-8AE5-1BF4A19BA3BF}.Ad-Hoc|x64.Deploy.0 = Release|Any CPU
		{0A86C2E9-C70C-4FDE-8AE5-1BF4A19BA3BF}.Ad-Hoc|x86.ActiveCfg = Release|Any CPU
		{0A86C2E9-C70C-4FDE-8AE5-1BF4A19BA3BF}.Ad-Hoc|x86.Build.0 = Release|Any CPU
		{0A86C2E9-C70C-4FDE-8AE5-1BF4A19BA3BF}.Ad-Hoc|x86.Deploy.0 = Release|Any CPU
		{0A86C2E9-C70C-4FDE-8AE5-1BF4A19BA3BF}.AppStore|Any CPU.ActiveCfg = Release|Any CPU
		{0A86C2E9-C70C-4FDE-8AE5-1BF4A19BA3BF}.AppStore|Any CPU.Build.0 = Release|Any CPU
		{0A86C2E9-C70C-4FDE-8AE5-1BF4A19BA3BF}.AppStore|Any CPU.Deploy.0 = Release|Any CPU
		{0A86C2E9-C70C-4FDE-8AE5-1BF4A19BA3BF}.AppStore|ARM.ActiveCfg = Release|Any CPU
		{0A86C2E9-C70C-4FDE-8AE5-1BF4A19BA3BF}.AppStore|ARM.Build.0 = Release|Any CPU
		{0A86C2E9-C70C-4FDE-8AE5-1BF4A19BA3BF}.AppStore|ARM.Deploy.0 = Release|Any CPU
		{0A86C2E9-C70C-4FDE-8AE5-1BF4A19BA3BF}.AppStore|iPhone.ActiveCfg = Release|Any CPU
		{0A86C2E9-C70C-4FDE-8AE5-1BF4A19BA3BF}.AppStore|iPhone.Build.0 = Release|Any CPU
		{0A86C2E9-C70C-4FDE-8AE5-1BF4A19BA3BF}.AppStore|iPhone.Deploy.0 = Release|Any CPU
		{0A86C2E9-C70C-4FDE-8AE5-1BF4A19BA3BF}.AppStore|iPhoneSimulator.ActiveCfg = Release|Any CPU
		{0A86C2E9-C70C-4FDE-8AE5-1BF4A19BA3BF}.AppStore|iPhoneSimulator.Build.0 = Release|Any CPU
		{0A86C2E9-C70C-4FDE-8AE5-1BF4A19BA3BF}.AppStore|iPhoneSimulator.Deploy.0 = Release|Any CPU
		{0A86C2E9-C70C-4FDE-8AE5-1BF4A19BA3BF}.AppStore|x64.ActiveCfg = Release|Any CPU
		{0A86C2E9-C70C-4FDE-8AE5-1BF4A19BA3BF}.AppStore|x64.Build.0 = Release|Any CPU
		{0A86C2E9-C70C-4FDE-8AE5-1BF4A19BA3BF}.AppStore|x64.Deploy.0 = Release|Any CPU
		{0A86C2E9-C70C-4FDE-8AE5-1BF4A19BA3BF}.AppStore|x86.ActiveCfg = Release|Any CPU
		{0A86C2E9-C70C-4FDE-8AE5-1BF4A19BA3BF}.AppStore|x86.Build.0 = Release|Any CPU
		{0A86C2E9-C70C-4FDE-8AE5-1BF4A19BA3BF}.AppStore|x86.Deploy.0 = Release|Any CPU
		{0A86C2E9-C70C-4FDE-8AE5-1BF4A19BA3BF}.Debug|Any CPU.ActiveCfg = Debug|Any CPU
		{0A86C2E9-C70C-4FDE-8AE5-1BF4A19BA3BF}.Debug|Any CPU.Build.0 = Debug|Any CPU
		{0A86C2E9-C70C-4FDE-8AE5-1BF4A19BA3BF}.Debug|Any CPU.Deploy.0 = Debug|Any CPU
		{0A86C2E9-C70C-4FDE-8AE5-1BF4A19BA3BF}.Debug|ARM.ActiveCfg = Debug|Any CPU
		{0A86C2E9-C70C-4FDE-8AE5-1BF4A19BA3BF}.Debug|ARM.Build.0 = Debug|Any CPU
		{0A86C2E9-C70C-4FDE-8AE5-1BF4A19BA3BF}.Debug|ARM.Deploy.0 = Debug|Any CPU
		{0A86C2E9-C70C-4FDE-8AE5-1BF4A19BA3BF}.Debug|iPhone.ActiveCfg = Debug|Any CPU
		{0A86C2E9-C70C-4FDE-8AE5-1BF4A19BA3BF}.Debug|iPhone.Build.0 = Debug|Any CPU
		{0A86C2E9-C70C-4FDE-8AE5-1BF4A19BA3BF}.Debug|iPhone.Deploy.0 = Debug|Any CPU
		{0A86C2E9-C70C-4FDE-8AE5-1BF4A19BA3BF}.Debug|iPhoneSimulator.ActiveCfg = Debug|Any CPU
		{0A86C2E9-C70C-4FDE-8AE5-1BF4A19BA3BF}.Debug|iPhoneSimulator.Build.0 = Debug|Any CPU
		{0A86C2E9-C70C-4FDE-8AE5-1BF4A19BA3BF}.Debug|iPhoneSimulator.Deploy.0 = Debug|Any CPU
		{0A86C2E9-C70C-4FDE-8AE5-1BF4A19BA3BF}.Debug|x64.ActiveCfg = Debug|Any CPU
		{0A86C2E9-C70C-4FDE-8AE5-1BF4A19BA3BF}.Debug|x64.Build.0 = Debug|Any CPU
		{0A86C2E9-C70C-4FDE-8AE5-1BF4A19BA3BF}.Debug|x64.Deploy.0 = Debug|Any CPU
		{0A86C2E9-C70C-4FDE-8AE5-1BF4A19BA3BF}.Debug|x86.ActiveCfg = Debug|Any CPU
		{0A86C2E9-C70C-4FDE-8AE5-1BF4A19BA3BF}.Debug|x86.Build.0 = Debug|Any CPU
		{0A86C2E9-C70C-4FDE-8AE5-1BF4A19BA3BF}.Debug|x86.Deploy.0 = Debug|Any CPU
		{0A86C2E9-C70C-4FDE-8AE5-1BF4A19BA3BF}.Release|Any CPU.ActiveCfg = Release|Any CPU
		{0A86C2E9-C70C-4FDE-8AE5-1BF4A19BA3BF}.Release|Any CPU.Build.0 = Release|Any CPU
		{0A86C2E9-C70C-4FDE-8AE5-1BF4A19BA3BF}.Release|Any CPU.Deploy.0 = Release|Any CPU
		{0A86C2E9-C70C-4FDE-8AE5-1BF4A19BA3BF}.Release|ARM.ActiveCfg = Release|Any CPU
		{0A86C2E9-C70C-4FDE-8AE5-1BF4A19BA3BF}.Release|ARM.Build.0 = Release|Any CPU
		{0A86C2E9-C70C-4FDE-8AE5-1BF4A19BA3BF}.Release|ARM.Deploy.0 = Release|Any CPU
		{0A86C2E9-C70C-4FDE-8AE5-1BF4A19BA3BF}.Release|iPhone.ActiveCfg = Release|Any CPU
		{0A86C2E9-C70C-4FDE-8AE5-1BF4A19BA3BF}.Release|iPhone.Build.0 = Release|Any CPU
		{0A86C2E9-C70C-4FDE-8AE5-1BF4A19BA3BF}.Release|iPhone.Deploy.0 = Release|Any CPU
		{0A86C2E9-C70C-4FDE-8AE5-1BF4A19BA3BF}.Release|iPhoneSimulator.ActiveCfg = Release|Any CPU
		{0A86C2E9-C70C-4FDE-8AE5-1BF4A19BA3BF}.Release|iPhoneSimulator.Build.0 = Release|Any CPU
		{0A86C2E9-C70C-4FDE-8AE5-1BF4A19BA3BF}.Release|iPhoneSimulator.Deploy.0 = Release|Any CPU
		{0A86C2E9-C70C-4FDE-8AE5-1BF4A19BA3BF}.Release|x64.ActiveCfg = Release|Any CPU
		{0A86C2E9-C70C-4FDE-8AE5-1BF4A19BA3BF}.Release|x64.Build.0 = Release|Any CPU
		{0A86C2E9-C70C-4FDE-8AE5-1BF4A19BA3BF}.Release|x64.Deploy.0 = Release|Any CPU
		{0A86C2E9-C70C-4FDE-8AE5-1BF4A19BA3BF}.Release|x86.ActiveCfg = Release|Any CPU
		{0A86C2E9-C70C-4FDE-8AE5-1BF4A19BA3BF}.Release|x86.Build.0 = Release|Any CPU
		{0A86C2E9-C70C-4FDE-8AE5-1BF4A19BA3BF}.Release|x86.Deploy.0 = Release|Any CPU
		{48625032-196A-4236-B988-315CD07C6FE9}.Ad-Hoc|Any CPU.ActiveCfg = Release|Any CPU
		{48625032-196A-4236-B988-315CD07C6FE9}.Ad-Hoc|Any CPU.Build.0 = Release|Any CPU
		{48625032-196A-4236-B988-315CD07C6FE9}.Ad-Hoc|Any CPU.Deploy.0 = Release|Any CPU
		{48625032-196A-4236-B988-315CD07C6FE9}.Ad-Hoc|ARM.ActiveCfg = Release|ARM
		{48625032-196A-4236-B988-315CD07C6FE9}.Ad-Hoc|ARM.Build.0 = Release|ARM
		{48625032-196A-4236-B988-315CD07C6FE9}.Ad-Hoc|ARM.Deploy.0 = Release|ARM
		{48625032-196A-4236-B988-315CD07C6FE9}.Ad-Hoc|iPhone.ActiveCfg = Release|Any CPU
		{48625032-196A-4236-B988-315CD07C6FE9}.Ad-Hoc|iPhone.Build.0 = Release|Any CPU
		{48625032-196A-4236-B988-315CD07C6FE9}.Ad-Hoc|iPhone.Deploy.0 = Release|Any CPU
		{48625032-196A-4236-B988-315CD07C6FE9}.Ad-Hoc|iPhoneSimulator.ActiveCfg = Release|Any CPU
		{48625032-196A-4236-B988-315CD07C6FE9}.Ad-Hoc|iPhoneSimulator.Build.0 = Release|Any CPU
		{48625032-196A-4236-B988-315CD07C6FE9}.Ad-Hoc|iPhoneSimulator.Deploy.0 = Release|Any CPU
		{48625032-196A-4236-B988-315CD07C6FE9}.Ad-Hoc|x64.ActiveCfg = Release|Any CPU
		{48625032-196A-4236-B988-315CD07C6FE9}.Ad-Hoc|x64.Build.0 = Release|Any CPU
		{48625032-196A-4236-B988-315CD07C6FE9}.Ad-Hoc|x64.Deploy.0 = Release|Any CPU
		{48625032-196A-4236-B988-315CD07C6FE9}.Ad-Hoc|x86.ActiveCfg = Release|x86
		{48625032-196A-4236-B988-315CD07C6FE9}.Ad-Hoc|x86.Build.0 = Release|x86
		{48625032-196A-4236-B988-315CD07C6FE9}.Ad-Hoc|x86.Deploy.0 = Release|x86
		{48625032-196A-4236-B988-315CD07C6FE9}.AppStore|Any CPU.ActiveCfg = Release|Any CPU
		{48625032-196A-4236-B988-315CD07C6FE9}.AppStore|Any CPU.Build.0 = Release|Any CPU
		{48625032-196A-4236-B988-315CD07C6FE9}.AppStore|Any CPU.Deploy.0 = Release|Any CPU
		{48625032-196A-4236-B988-315CD07C6FE9}.AppStore|ARM.ActiveCfg = Release|ARM
		{48625032-196A-4236-B988-315CD07C6FE9}.AppStore|ARM.Build.0 = Release|ARM
		{48625032-196A-4236-B988-315CD07C6FE9}.AppStore|ARM.Deploy.0 = Release|ARM
		{48625032-196A-4236-B988-315CD07C6FE9}.AppStore|iPhone.ActiveCfg = Release|Any CPU
		{48625032-196A-4236-B988-315CD07C6FE9}.AppStore|iPhone.Build.0 = Release|Any CPU
		{48625032-196A-4236-B988-315CD07C6FE9}.AppStore|iPhone.Deploy.0 = Release|Any CPU
		{48625032-196A-4236-B988-315CD07C6FE9}.AppStore|iPhoneSimulator.ActiveCfg = Release|Any CPU
		{48625032-196A-4236-B988-315CD07C6FE9}.AppStore|iPhoneSimulator.Build.0 = Release|Any CPU
		{48625032-196A-4236-B988-315CD07C6FE9}.AppStore|iPhoneSimulator.Deploy.0 = Release|Any CPU
		{48625032-196A-4236-B988-315CD07C6FE9}.AppStore|x64.ActiveCfg = Release|Any CPU
		{48625032-196A-4236-B988-315CD07C6FE9}.AppStore|x64.Build.0 = Release|Any CPU
		{48625032-196A-4236-B988-315CD07C6FE9}.AppStore|x64.Deploy.0 = Release|Any CPU
		{48625032-196A-4236-B988-315CD07C6FE9}.AppStore|x86.ActiveCfg = Release|x86
		{48625032-196A-4236-B988-315CD07C6FE9}.AppStore|x86.Build.0 = Release|x86
		{48625032-196A-4236-B988-315CD07C6FE9}.AppStore|x86.Deploy.0 = Release|x86
		{48625032-196A-4236-B988-315CD07C6FE9}.Debug|Any CPU.ActiveCfg = Debug|Any CPU
		{48625032-196A-4236-B988-315CD07C6FE9}.Debug|Any CPU.Build.0 = Debug|Any CPU
		{48625032-196A-4236-B988-315CD07C6FE9}.Debug|Any CPU.Deploy.0 = Debug|Any CPU
		{48625032-196A-4236-B988-315CD07C6FE9}.Debug|ARM.ActiveCfg = Debug|ARM
		{48625032-196A-4236-B988-315CD07C6FE9}.Debug|ARM.Build.0 = Debug|ARM
		{48625032-196A-4236-B988-315CD07C6FE9}.Debug|ARM.Deploy.0 = Debug|ARM
		{48625032-196A-4236-B988-315CD07C6FE9}.Debug|iPhone.ActiveCfg = Debug|Any CPU
		{48625032-196A-4236-B988-315CD07C6FE9}.Debug|iPhone.Build.0 = Debug|Any CPU
		{48625032-196A-4236-B988-315CD07C6FE9}.Debug|iPhone.Deploy.0 = Debug|Any CPU
		{48625032-196A-4236-B988-315CD07C6FE9}.Debug|iPhoneSimulator.ActiveCfg = Debug|Any CPU
		{48625032-196A-4236-B988-315CD07C6FE9}.Debug|iPhoneSimulator.Build.0 = Debug|Any CPU
		{48625032-196A-4236-B988-315CD07C6FE9}.Debug|iPhoneSimulator.Deploy.0 = Debug|Any CPU
		{48625032-196A-4236-B988-315CD07C6FE9}.Debug|x64.ActiveCfg = Debug|Any CPU
		{48625032-196A-4236-B988-315CD07C6FE9}.Debug|x64.Build.0 = Debug|Any CPU
		{48625032-196A-4236-B988-315CD07C6FE9}.Debug|x64.Deploy.0 = Debug|Any CPU
		{48625032-196A-4236-B988-315CD07C6FE9}.Debug|x86.ActiveCfg = Debug|x86
		{48625032-196A-4236-B988-315CD07C6FE9}.Debug|x86.Build.0 = Debug|x86
		{48625032-196A-4236-B988-315CD07C6FE9}.Debug|x86.Deploy.0 = Debug|x86
		{48625032-196A-4236-B988-315CD07C6FE9}.Release|Any CPU.ActiveCfg = Release|Any CPU
		{48625032-196A-4236-B988-315CD07C6FE9}.Release|Any CPU.Build.0 = Release|Any CPU
		{48625032-196A-4236-B988-315CD07C6FE9}.Release|Any CPU.Deploy.0 = Release|Any CPU
		{48625032-196A-4236-B988-315CD07C6FE9}.Release|ARM.ActiveCfg = Release|ARM
		{48625032-196A-4236-B988-315CD07C6FE9}.Release|ARM.Build.0 = Release|ARM
		{48625032-196A-4236-B988-315CD07C6FE9}.Release|ARM.Deploy.0 = Release|ARM
		{48625032-196A-4236-B988-315CD07C6FE9}.Release|iPhone.ActiveCfg = Release|Any CPU
		{48625032-196A-4236-B988-315CD07C6FE9}.Release|iPhone.Build.0 = Release|Any CPU
		{48625032-196A-4236-B988-315CD07C6FE9}.Release|iPhone.Deploy.0 = Release|Any CPU
		{48625032-196A-4236-B988-315CD07C6FE9}.Release|iPhoneSimulator.ActiveCfg = Release|Any CPU
		{48625032-196A-4236-B988-315CD07C6FE9}.Release|iPhoneSimulator.Build.0 = Release|Any CPU
		{48625032-196A-4236-B988-315CD07C6FE9}.Release|iPhoneSimulator.Deploy.0 = Release|Any CPU
		{48625032-196A-4236-B988-315CD07C6FE9}.Release|x64.ActiveCfg = Release|Any CPU
		{48625032-196A-4236-B988-315CD07C6FE9}.Release|x64.Build.0 = Release|Any CPU
		{48625032-196A-4236-B988-315CD07C6FE9}.Release|x64.Deploy.0 = Release|Any CPU
		{48625032-196A-4236-B988-315CD07C6FE9}.Release|x86.ActiveCfg = Release|x86
		{48625032-196A-4236-B988-315CD07C6FE9}.Release|x86.Build.0 = Release|x86
		{48625032-196A-4236-B988-315CD07C6FE9}.Release|x86.Deploy.0 = Release|x86
		{223533BE-CEEF-4DBB-9715-74EC14345A2A}.Ad-Hoc|Any CPU.ActiveCfg = Release|x86
		{223533BE-CEEF-4DBB-9715-74EC14345A2A}.Ad-Hoc|Any CPU.Build.0 = Release|x86
		{223533BE-CEEF-4DBB-9715-74EC14345A2A}.Ad-Hoc|Any CPU.Deploy.0 = Release|x86
		{223533BE-CEEF-4DBB-9715-74EC14345A2A}.Ad-Hoc|ARM.ActiveCfg = Release|ARM
		{223533BE-CEEF-4DBB-9715-74EC14345A2A}.Ad-Hoc|ARM.Build.0 = Release|ARM
		{223533BE-CEEF-4DBB-9715-74EC14345A2A}.Ad-Hoc|ARM.Deploy.0 = Release|ARM
		{223533BE-CEEF-4DBB-9715-74EC14345A2A}.Ad-Hoc|iPhone.ActiveCfg = Release|x86
		{223533BE-CEEF-4DBB-9715-74EC14345A2A}.Ad-Hoc|iPhone.Build.0 = Release|x86
		{223533BE-CEEF-4DBB-9715-74EC14345A2A}.Ad-Hoc|iPhone.Deploy.0 = Release|x86
		{223533BE-CEEF-4DBB-9715-74EC14345A2A}.Ad-Hoc|iPhoneSimulator.ActiveCfg = Release|x86
		{223533BE-CEEF-4DBB-9715-74EC14345A2A}.Ad-Hoc|iPhoneSimulator.Build.0 = Release|x86
		{223533BE-CEEF-4DBB-9715-74EC14345A2A}.Ad-Hoc|iPhoneSimulator.Deploy.0 = Release|x86
		{223533BE-CEEF-4DBB-9715-74EC14345A2A}.Ad-Hoc|x64.ActiveCfg = Release|x64
		{223533BE-CEEF-4DBB-9715-74EC14345A2A}.Ad-Hoc|x64.Build.0 = Release|x64
		{223533BE-CEEF-4DBB-9715-74EC14345A2A}.Ad-Hoc|x64.Deploy.0 = Release|x64
		{223533BE-CEEF-4DBB-9715-74EC14345A2A}.Ad-Hoc|x86.ActiveCfg = Release|x86
		{223533BE-CEEF-4DBB-9715-74EC14345A2A}.Ad-Hoc|x86.Build.0 = Release|x86
		{223533BE-CEEF-4DBB-9715-74EC14345A2A}.Ad-Hoc|x86.Deploy.0 = Release|x86
		{223533BE-CEEF-4DBB-9715-74EC14345A2A}.AppStore|Any CPU.ActiveCfg = Release|x86
		{223533BE-CEEF-4DBB-9715-74EC14345A2A}.AppStore|Any CPU.Build.0 = Release|x86
		{223533BE-CEEF-4DBB-9715-74EC14345A2A}.AppStore|Any CPU.Deploy.0 = Release|x86
		{223533BE-CEEF-4DBB-9715-74EC14345A2A}.AppStore|ARM.ActiveCfg = Release|ARM
		{223533BE-CEEF-4DBB-9715-74EC14345A2A}.AppStore|ARM.Build.0 = Release|ARM
		{223533BE-CEEF-4DBB-9715-74EC14345A2A}.AppStore|ARM.Deploy.0 = Release|ARM
		{223533BE-CEEF-4DBB-9715-74EC14345A2A}.AppStore|iPhone.ActiveCfg = Release|x86
		{223533BE-CEEF-4DBB-9715-74EC14345A2A}.AppStore|iPhone.Build.0 = Release|x86
		{223533BE-CEEF-4DBB-9715-74EC14345A2A}.AppStore|iPhone.Deploy.0 = Release|x86
		{223533BE-CEEF-4DBB-9715-74EC14345A2A}.AppStore|iPhoneSimulator.ActiveCfg = Release|x86
		{223533BE-CEEF-4DBB-9715-74EC14345A2A}.AppStore|iPhoneSimulator.Build.0 = Release|x86
		{223533BE-CEEF-4DBB-9715-74EC14345A2A}.AppStore|iPhoneSimulator.Deploy.0 = Release|x86
		{223533BE-CEEF-4DBB-9715-74EC14345A2A}.AppStore|x64.ActiveCfg = Release|x64
		{223533BE-CEEF-4DBB-9715-74EC14345A2A}.AppStore|x64.Build.0 = Release|x64
		{223533BE-CEEF-4DBB-9715-74EC14345A2A}.AppStore|x64.Deploy.0 = Release|x64
		{223533BE-CEEF-4DBB-9715-74EC14345A2A}.AppStore|x86.ActiveCfg = Release|x86
		{223533BE-CEEF-4DBB-9715-74EC14345A2A}.AppStore|x86.Build.0 = Release|x86
		{223533BE-CEEF-4DBB-9715-74EC14345A2A}.AppStore|x86.Deploy.0 = Release|x86
		{223533BE-CEEF-4DBB-9715-74EC14345A2A}.Debug|Any CPU.ActiveCfg = Debug|x86
		{223533BE-CEEF-4DBB-9715-74EC14345A2A}.Debug|ARM.ActiveCfg = Debug|ARM
		{223533BE-CEEF-4DBB-9715-74EC14345A2A}.Debug|ARM.Build.0 = Debug|ARM
		{223533BE-CEEF-4DBB-9715-74EC14345A2A}.Debug|ARM.Deploy.0 = Debug|ARM
		{223533BE-CEEF-4DBB-9715-74EC14345A2A}.Debug|iPhone.ActiveCfg = Debug|x86
		{223533BE-CEEF-4DBB-9715-74EC14345A2A}.Debug|iPhoneSimulator.ActiveCfg = Debug|x86
		{223533BE-CEEF-4DBB-9715-74EC14345A2A}.Debug|x64.ActiveCfg = Debug|x64
		{223533BE-CEEF-4DBB-9715-74EC14345A2A}.Debug|x64.Build.0 = Debug|x64
		{223533BE-CEEF-4DBB-9715-74EC14345A2A}.Debug|x64.Deploy.0 = Debug|x64
		{223533BE-CEEF-4DBB-9715-74EC14345A2A}.Debug|x86.ActiveCfg = Debug|x86
		{223533BE-CEEF-4DBB-9715-74EC14345A2A}.Debug|x86.Build.0 = Debug|x86
		{223533BE-CEEF-4DBB-9715-74EC14345A2A}.Debug|x86.Deploy.0 = Debug|x86
		{223533BE-CEEF-4DBB-9715-74EC14345A2A}.Release|Any CPU.ActiveCfg = Release|x86
		{223533BE-CEEF-4DBB-9715-74EC14345A2A}.Release|ARM.ActiveCfg = Release|ARM
		{223533BE-CEEF-4DBB-9715-74EC14345A2A}.Release|ARM.Build.0 = Release|ARM
		{223533BE-CEEF-4DBB-9715-74EC14345A2A}.Release|ARM.Deploy.0 = Release|ARM
		{223533BE-CEEF-4DBB-9715-74EC14345A2A}.Release|iPhone.ActiveCfg = Release|x86
		{223533BE-CEEF-4DBB-9715-74EC14345A2A}.Release|iPhoneSimulator.ActiveCfg = Release|x86
		{223533BE-CEEF-4DBB-9715-74EC14345A2A}.Release|x64.ActiveCfg = Release|x64
		{223533BE-CEEF-4DBB-9715-74EC14345A2A}.Release|x64.Build.0 = Release|x64
		{223533BE-CEEF-4DBB-9715-74EC14345A2A}.Release|x64.Deploy.0 = Release|x64
		{223533BE-CEEF-4DBB-9715-74EC14345A2A}.Release|x86.ActiveCfg = Release|x86
		{223533BE-CEEF-4DBB-9715-74EC14345A2A}.Release|x86.Build.0 = Release|x86
		{223533BE-CEEF-4DBB-9715-74EC14345A2A}.Release|x86.Deploy.0 = Release|x86
		{A53F1709-EEA6-4B78-A490-4B2907B5D719}.Ad-Hoc|Any CPU.ActiveCfg = Release|Any CPU
		{A53F1709-EEA6-4B78-A490-4B2907B5D719}.Ad-Hoc|Any CPU.Build.0 = Release|Any CPU
		{A53F1709-EEA6-4B78-A490-4B2907B5D719}.Ad-Hoc|Any CPU.Deploy.0 = Release|Any CPU
		{A53F1709-EEA6-4B78-A490-4B2907B5D719}.Ad-Hoc|ARM.ActiveCfg = Release|ARM
		{A53F1709-EEA6-4B78-A490-4B2907B5D719}.Ad-Hoc|ARM.Build.0 = Release|ARM
		{A53F1709-EEA6-4B78-A490-4B2907B5D719}.Ad-Hoc|ARM.Deploy.0 = Release|ARM
		{A53F1709-EEA6-4B78-A490-4B2907B5D719}.Ad-Hoc|iPhone.ActiveCfg = Release|Any CPU
		{A53F1709-EEA6-4B78-A490-4B2907B5D719}.Ad-Hoc|iPhone.Build.0 = Release|Any CPU
		{A53F1709-EEA6-4B78-A490-4B2907B5D719}.Ad-Hoc|iPhone.Deploy.0 = Release|Any CPU
		{A53F1709-EEA6-4B78-A490-4B2907B5D719}.Ad-Hoc|iPhoneSimulator.ActiveCfg = Release|Any CPU
		{A53F1709-EEA6-4B78-A490-4B2907B5D719}.Ad-Hoc|iPhoneSimulator.Build.0 = Release|Any CPU
		{A53F1709-EEA6-4B78-A490-4B2907B5D719}.Ad-Hoc|iPhoneSimulator.Deploy.0 = Release|Any CPU
		{A53F1709-EEA6-4B78-A490-4B2907B5D719}.Ad-Hoc|x64.ActiveCfg = Release|x64
		{A53F1709-EEA6-4B78-A490-4B2907B5D719}.Ad-Hoc|x64.Build.0 = Release|x64
		{A53F1709-EEA6-4B78-A490-4B2907B5D719}.Ad-Hoc|x64.Deploy.0 = Release|x64
		{A53F1709-EEA6-4B78-A490-4B2907B5D719}.Ad-Hoc|x86.ActiveCfg = Release|x86
		{A53F1709-EEA6-4B78-A490-4B2907B5D719}.Ad-Hoc|x86.Build.0 = Release|x86
		{A53F1709-EEA6-4B78-A490-4B2907B5D719}.Ad-Hoc|x86.Deploy.0 = Release|x86
		{A53F1709-EEA6-4B78-A490-4B2907B5D719}.AppStore|Any CPU.ActiveCfg = Release|Any CPU
		{A53F1709-EEA6-4B78-A490-4B2907B5D719}.AppStore|Any CPU.Build.0 = Release|Any CPU
		{A53F1709-EEA6-4B78-A490-4B2907B5D719}.AppStore|Any CPU.Deploy.0 = Release|Any CPU
		{A53F1709-EEA6-4B78-A490-4B2907B5D719}.AppStore|ARM.ActiveCfg = Release|ARM
		{A53F1709-EEA6-4B78-A490-4B2907B5D719}.AppStore|ARM.Build.0 = Release|ARM
		{A53F1709-EEA6-4B78-A490-4B2907B5D719}.AppStore|ARM.Deploy.0 = Release|ARM
		{A53F1709-EEA6-4B78-A490-4B2907B5D719}.AppStore|iPhone.ActiveCfg = Release|Any CPU
		{A53F1709-EEA6-4B78-A490-4B2907B5D719}.AppStore|iPhone.Build.0 = Release|Any CPU
		{A53F1709-EEA6-4B78-A490-4B2907B5D719}.AppStore|iPhone.Deploy.0 = Release|Any CPU
		{A53F1709-EEA6-4B78-A490-4B2907B5D719}.AppStore|iPhoneSimulator.ActiveCfg = Release|Any CPU
		{A53F1709-EEA6-4B78-A490-4B2907B5D719}.AppStore|iPhoneSimulator.Build.0 = Release|Any CPU
		{A53F1709-EEA6-4B78-A490-4B2907B5D719}.AppStore|iPhoneSimulator.Deploy.0 = Release|Any CPU
		{A53F1709-EEA6-4B78-A490-4B2907B5D719}.AppStore|x64.ActiveCfg = Release|x64
		{A53F1709-EEA6-4B78-A490-4B2907B5D719}.AppStore|x64.Build.0 = Release|x64
		{A53F1709-EEA6-4B78-A490-4B2907B5D719}.AppStore|x64.Deploy.0 = Release|x64
		{A53F1709-EEA6-4B78-A490-4B2907B5D719}.AppStore|x86.ActiveCfg = Release|x86
		{A53F1709-EEA6-4B78-A490-4B2907B5D719}.AppStore|x86.Build.0 = Release|x86
		{A53F1709-EEA6-4B78-A490-4B2907B5D719}.AppStore|x86.Deploy.0 = Release|x86
		{A53F1709-EEA6-4B78-A490-4B2907B5D719}.Debug|Any CPU.ActiveCfg = Debug|Any CPU
		{A53F1709-EEA6-4B78-A490-4B2907B5D719}.Debug|Any CPU.Build.0 = Debug|Any CPU
		{A53F1709-EEA6-4B78-A490-4B2907B5D719}.Debug|Any CPU.Deploy.0 = Debug|Any CPU
		{A53F1709-EEA6-4B78-A490-4B2907B5D719}.Debug|ARM.ActiveCfg = Debug|ARM
		{A53F1709-EEA6-4B78-A490-4B2907B5D719}.Debug|ARM.Build.0 = Debug|ARM
		{A53F1709-EEA6-4B78-A490-4B2907B5D719}.Debug|ARM.Deploy.0 = Debug|ARM
		{A53F1709-EEA6-4B78-A490-4B2907B5D719}.Debug|iPhone.ActiveCfg = Debug|Any CPU
		{A53F1709-EEA6-4B78-A490-4B2907B5D719}.Debug|iPhone.Build.0 = Debug|Any CPU
		{A53F1709-EEA6-4B78-A490-4B2907B5D719}.Debug|iPhone.Deploy.0 = Debug|Any CPU
		{A53F1709-EEA6-4B78-A490-4B2907B5D719}.Debug|iPhoneSimulator.ActiveCfg = Debug|Any CPU
		{A53F1709-EEA6-4B78-A490-4B2907B5D719}.Debug|iPhoneSimulator.Build.0 = Debug|Any CPU
		{A53F1709-EEA6-4B78-A490-4B2907B5D719}.Debug|iPhoneSimulator.Deploy.0 = Debug|Any CPU
		{A53F1709-EEA6-4B78-A490-4B2907B5D719}.Debug|x64.ActiveCfg = Debug|x64
		{A53F1709-EEA6-4B78-A490-4B2907B5D719}.Debug|x64.Build.0 = Debug|x64
		{A53F1709-EEA6-4B78-A490-4B2907B5D719}.Debug|x64.Deploy.0 = Debug|x64
		{A53F1709-EEA6-4B78-A490-4B2907B5D719}.Debug|x86.ActiveCfg = Debug|x86
		{A53F1709-EEA6-4B78-A490-4B2907B5D719}.Debug|x86.Build.0 = Debug|x86
		{A53F1709-EEA6-4B78-A490-4B2907B5D719}.Debug|x86.Deploy.0 = Debug|x86
		{A53F1709-EEA6-4B78-A490-4B2907B5D719}.Release|Any CPU.ActiveCfg = Release|Any CPU
		{A53F1709-EEA6-4B78-A490-4B2907B5D719}.Release|Any CPU.Build.0 = Release|Any CPU
		{A53F1709-EEA6-4B78-A490-4B2907B5D719}.Release|Any CPU.Deploy.0 = Release|Any CPU
		{A53F1709-EEA6-4B78-A490-4B2907B5D719}.Release|ARM.ActiveCfg = Release|ARM
		{A53F1709-EEA6-4B78-A490-4B2907B5D719}.Release|ARM.Build.0 = Release|ARM
		{A53F1709-EEA6-4B78-A490-4B2907B5D719}.Release|ARM.Deploy.0 = Release|ARM
		{A53F1709-EEA6-4B78-A490-4B2907B5D719}.Release|iPhone.ActiveCfg = Release|Any CPU
		{A53F1709-EEA6-4B78-A490-4B2907B5D719}.Release|iPhone.Build.0 = Release|Any CPU
		{A53F1709-EEA6-4B78-A490-4B2907B5D719}.Release|iPhone.Deploy.0 = Release|Any CPU
		{A53F1709-EEA6-4B78-A490-4B2907B5D719}.Release|iPhoneSimulator.ActiveCfg = Release|Any CPU
		{A53F1709-EEA6-4B78-A490-4B2907B5D719}.Release|iPhoneSimulator.Build.0 = Release|Any CPU
		{A53F1709-EEA6-4B78-A490-4B2907B5D719}.Release|iPhoneSimulator.Deploy.0 = Release|Any CPU
		{A53F1709-EEA6-4B78-A490-4B2907B5D719}.Release|x64.ActiveCfg = Release|x64
		{A53F1709-EEA6-4B78-A490-4B2907B5D719}.Release|x64.Build.0 = Release|x64
		{A53F1709-EEA6-4B78-A490-4B2907B5D719}.Release|x64.Deploy.0 = Release|x64
		{A53F1709-EEA6-4B78-A490-4B2907B5D719}.Release|x86.ActiveCfg = Release|x86
		{A53F1709-EEA6-4B78-A490-4B2907B5D719}.Release|x86.Build.0 = Release|x86
		{A53F1709-EEA6-4B78-A490-4B2907B5D719}.Release|x86.Deploy.0 = Release|x86
		{1BA1733B-3FE1-4AD1-B754-3AB0E780E5A8}.Ad-Hoc|Any CPU.ActiveCfg = Release|Any CPU
		{1BA1733B-3FE1-4AD1-B754-3AB0E780E5A8}.Ad-Hoc|Any CPU.Build.0 = Release|Any CPU
		{1BA1733B-3FE1-4AD1-B754-3AB0E780E5A8}.Ad-Hoc|ARM.ActiveCfg = Release|Any CPU
		{1BA1733B-3FE1-4AD1-B754-3AB0E780E5A8}.Ad-Hoc|ARM.Build.0 = Release|Any CPU
		{1BA1733B-3FE1-4AD1-B754-3AB0E780E5A8}.Ad-Hoc|iPhone.ActiveCfg = Release|Any CPU
		{1BA1733B-3FE1-4AD1-B754-3AB0E780E5A8}.Ad-Hoc|iPhone.Build.0 = Release|Any CPU
		{1BA1733B-3FE1-4AD1-B754-3AB0E780E5A8}.Ad-Hoc|iPhoneSimulator.ActiveCfg = Release|Any CPU
		{1BA1733B-3FE1-4AD1-B754-3AB0E780E5A8}.Ad-Hoc|iPhoneSimulator.Build.0 = Release|Any CPU
		{1BA1733B-3FE1-4AD1-B754-3AB0E780E5A8}.Ad-Hoc|x64.ActiveCfg = Release|Any CPU
		{1BA1733B-3FE1-4AD1-B754-3AB0E780E5A8}.Ad-Hoc|x64.Build.0 = Release|Any CPU
		{1BA1733B-3FE1-4AD1-B754-3AB0E780E5A8}.Ad-Hoc|x86.ActiveCfg = Release|Any CPU
		{1BA1733B-3FE1-4AD1-B754-3AB0E780E5A8}.Ad-Hoc|x86.Build.0 = Release|Any CPU
		{1BA1733B-3FE1-4AD1-B754-3AB0E780E5A8}.AppStore|Any CPU.ActiveCfg = Release|Any CPU
		{1BA1733B-3FE1-4AD1-B754-3AB0E780E5A8}.AppStore|Any CPU.Build.0 = Release|Any CPU
		{1BA1733B-3FE1-4AD1-B754-3AB0E780E5A8}.AppStore|ARM.ActiveCfg = Release|Any CPU
		{1BA1733B-3FE1-4AD1-B754-3AB0E780E5A8}.AppStore|ARM.Build.0 = Release|Any CPU
		{1BA1733B-3FE1-4AD1-B754-3AB0E780E5A8}.AppStore|iPhone.ActiveCfg = Release|Any CPU
		{1BA1733B-3FE1-4AD1-B754-3AB0E780E5A8}.AppStore|iPhone.Build.0 = Release|Any CPU
		{1BA1733B-3FE1-4AD1-B754-3AB0E780E5A8}.AppStore|iPhoneSimulator.ActiveCfg = Release|Any CPU
		{1BA1733B-3FE1-4AD1-B754-3AB0E780E5A8}.AppStore|iPhoneSimulator.Build.0 = Release|Any CPU
		{1BA1733B-3FE1-4AD1-B754-3AB0E780E5A8}.AppStore|x64.ActiveCfg = Release|Any CPU
		{1BA1733B-3FE1-4AD1-B754-3AB0E780E5A8}.AppStore|x64.Build.0 = Release|Any CPU
		{1BA1733B-3FE1-4AD1-B754-3AB0E780E5A8}.AppStore|x86.ActiveCfg = Release|Any CPU
		{1BA1733B-3FE1-4AD1-B754-3AB0E780E5A8}.AppStore|x86.Build.0 = Release|Any CPU
		{1BA1733B-3FE1-4AD1-B754-3AB0E780E5A8}.Debug|Any CPU.ActiveCfg = Debug|Any CPU
		{1BA1733B-3FE1-4AD1-B754-3AB0E780E5A8}.Debug|Any CPU.Build.0 = Debug|Any CPU
		{1BA1733B-3FE1-4AD1-B754-3AB0E780E5A8}.Debug|ARM.ActiveCfg = Debug|Any CPU
		{1BA1733B-3FE1-4AD1-B754-3AB0E780E5A8}.Debug|ARM.Build.0 = Debug|Any CPU
		{1BA1733B-3FE1-4AD1-B754-3AB0E780E5A8}.Debug|iPhone.ActiveCfg = Debug|Any CPU
		{1BA1733B-3FE1-4AD1-B754-3AB0E780E5A8}.Debug|iPhone.Build.0 = Debug|Any CPU
		{1BA1733B-3FE1-4AD1-B754-3AB0E780E5A8}.Debug|iPhoneSimulator.ActiveCfg = Debug|Any CPU
		{1BA1733B-3FE1-4AD1-B754-3AB0E780E5A8}.Debug|iPhoneSimulator.Build.0 = Debug|Any CPU
		{1BA1733B-3FE1-4AD1-B754-3AB0E780E5A8}.Debug|x64.ActiveCfg = Debug|Any CPU
		{1BA1733B-3FE1-4AD1-B754-3AB0E780E5A8}.Debug|x64.Build.0 = Debug|Any CPU
		{1BA1733B-3FE1-4AD1-B754-3AB0E780E5A8}.Debug|x86.ActiveCfg = Debug|Any CPU
		{1BA1733B-3FE1-4AD1-B754-3AB0E780E5A8}.Debug|x86.Build.0 = Debug|Any CPU
		{1BA1733B-3FE1-4AD1-B754-3AB0E780E5A8}.Release|Any CPU.ActiveCfg = Release|Any CPU
		{1BA1733B-3FE1-4AD1-B754-3AB0E780E5A8}.Release|Any CPU.Build.0 = Release|Any CPU
		{1BA1733B-3FE1-4AD1-B754-3AB0E780E5A8}.Release|ARM.ActiveCfg = Release|Any CPU
		{1BA1733B-3FE1-4AD1-B754-3AB0E780E5A8}.Release|ARM.Build.0 = Release|Any CPU
		{1BA1733B-3FE1-4AD1-B754-3AB0E780E5A8}.Release|iPhone.ActiveCfg = Release|Any CPU
		{1BA1733B-3FE1-4AD1-B754-3AB0E780E5A8}.Release|iPhone.Build.0 = Release|Any CPU
		{1BA1733B-3FE1-4AD1-B754-3AB0E780E5A8}.Release|iPhoneSimulator.ActiveCfg = Release|Any CPU
		{1BA1733B-3FE1-4AD1-B754-3AB0E780E5A8}.Release|iPhoneSimulator.Build.0 = Release|Any CPU
		{1BA1733B-3FE1-4AD1-B754-3AB0E780E5A8}.Release|x64.ActiveCfg = Release|Any CPU
		{1BA1733B-3FE1-4AD1-B754-3AB0E780E5A8}.Release|x64.Build.0 = Release|Any CPU
		{1BA1733B-3FE1-4AD1-B754-3AB0E780E5A8}.Release|x86.ActiveCfg = Release|Any CPU
		{1BA1733B-3FE1-4AD1-B754-3AB0E780E5A8}.Release|x86.Build.0 = Release|Any CPU
		{88591365-982E-41AF-9C02-AD8D84FBB54B}.Ad-Hoc|Any CPU.ActiveCfg = Release|Any CPU
		{88591365-982E-41AF-9C02-AD8D84FBB54B}.Ad-Hoc|Any CPU.Build.0 = Release|Any CPU
		{88591365-982E-41AF-9C02-AD8D84FBB54B}.Ad-Hoc|ARM.ActiveCfg = Release|Any CPU
		{88591365-982E-41AF-9C02-AD8D84FBB54B}.Ad-Hoc|ARM.Build.0 = Release|Any CPU
		{88591365-982E-41AF-9C02-AD8D84FBB54B}.Ad-Hoc|iPhone.ActiveCfg = Release|Any CPU
		{88591365-982E-41AF-9C02-AD8D84FBB54B}.Ad-Hoc|iPhone.Build.0 = Release|Any CPU
		{88591365-982E-41AF-9C02-AD8D84FBB54B}.Ad-Hoc|iPhoneSimulator.ActiveCfg = Release|Any CPU
		{88591365-982E-41AF-9C02-AD8D84FBB54B}.Ad-Hoc|iPhoneSimulator.Build.0 = Release|Any CPU
		{88591365-982E-41AF-9C02-AD8D84FBB54B}.Ad-Hoc|x64.ActiveCfg = Release|Any CPU
		{88591365-982E-41AF-9C02-AD8D84FBB54B}.Ad-Hoc|x64.Build.0 = Release|Any CPU
		{88591365-982E-41AF-9C02-AD8D84FBB54B}.Ad-Hoc|x86.ActiveCfg = Release|Any CPU
		{88591365-982E-41AF-9C02-AD8D84FBB54B}.Ad-Hoc|x86.Build.0 = Release|Any CPU
		{88591365-982E-41AF-9C02-AD8D84FBB54B}.AppStore|Any CPU.ActiveCfg = Release|Any CPU
		{88591365-982E-41AF-9C02-AD8D84FBB54B}.AppStore|Any CPU.Build.0 = Release|Any CPU
		{88591365-982E-41AF-9C02-AD8D84FBB54B}.AppStore|ARM.ActiveCfg = Release|Any CPU
		{88591365-982E-41AF-9C02-AD8D84FBB54B}.AppStore|ARM.Build.0 = Release|Any CPU
		{88591365-982E-41AF-9C02-AD8D84FBB54B}.AppStore|iPhone.ActiveCfg = Release|Any CPU
		{88591365-982E-41AF-9C02-AD8D84FBB54B}.AppStore|iPhone.Build.0 = Release|Any CPU
		{88591365-982E-41AF-9C02-AD8D84FBB54B}.AppStore|iPhoneSimulator.ActiveCfg = Release|Any CPU
		{88591365-982E-41AF-9C02-AD8D84FBB54B}.AppStore|iPhoneSimulator.Build.0 = Release|Any CPU
		{88591365-982E-41AF-9C02-AD8D84FBB54B}.AppStore|x64.ActiveCfg = Release|Any CPU
		{88591365-982E-41AF-9C02-AD8D84FBB54B}.AppStore|x64.Build.0 = Release|Any CPU
		{88591365-982E-41AF-9C02-AD8D84FBB54B}.AppStore|x86.ActiveCfg = Release|Any CPU
		{88591365-982E-41AF-9C02-AD8D84FBB54B}.AppStore|x86.Build.0 = Release|Any CPU
		{88591365-982E-41AF-9C02-AD8D84FBB54B}.Debug|Any CPU.ActiveCfg = Debug|Any CPU
		{88591365-982E-41AF-9C02-AD8D84FBB54B}.Debug|Any CPU.Build.0 = Debug|Any CPU
		{88591365-982E-41AF-9C02-AD8D84FBB54B}.Debug|ARM.ActiveCfg = Debug|Any CPU
		{88591365-982E-41AF-9C02-AD8D84FBB54B}.Debug|ARM.Build.0 = Debug|Any CPU
		{88591365-982E-41AF-9C02-AD8D84FBB54B}.Debug|iPhone.ActiveCfg = Debug|Any CPU
		{88591365-982E-41AF-9C02-AD8D84FBB54B}.Debug|iPhone.Build.0 = Debug|Any CPU
		{88591365-982E-41AF-9C02-AD8D84FBB54B}.Debug|iPhoneSimulator.ActiveCfg = Debug|Any CPU
		{88591365-982E-41AF-9C02-AD8D84FBB54B}.Debug|iPhoneSimulator.Build.0 = Debug|Any CPU
		{88591365-982E-41AF-9C02-AD8D84FBB54B}.Debug|x64.ActiveCfg = Debug|Any CPU
		{88591365-982E-41AF-9C02-AD8D84FBB54B}.Debug|x64.Build.0 = Debug|Any CPU
		{88591365-982E-41AF-9C02-AD8D84FBB54B}.Debug|x86.ActiveCfg = Debug|Any CPU
		{88591365-982E-41AF-9C02-AD8D84FBB54B}.Debug|x86.Build.0 = Debug|Any CPU
		{88591365-982E-41AF-9C02-AD8D84FBB54B}.Release|Any CPU.ActiveCfg = Release|Any CPU
		{88591365-982E-41AF-9C02-AD8D84FBB54B}.Release|Any CPU.Build.0 = Release|Any CPU
		{88591365-982E-41AF-9C02-AD8D84FBB54B}.Release|ARM.ActiveCfg = Release|Any CPU
		{88591365-982E-41AF-9C02-AD8D84FBB54B}.Release|ARM.Build.0 = Release|Any CPU
		{88591365-982E-41AF-9C02-AD8D84FBB54B}.Release|iPhone.ActiveCfg = Release|Any CPU
		{88591365-982E-41AF-9C02-AD8D84FBB54B}.Release|iPhone.Build.0 = Release|Any CPU
		{88591365-982E-41AF-9C02-AD8D84FBB54B}.Release|iPhoneSimulator.ActiveCfg = Release|Any CPU
		{88591365-982E-41AF-9C02-AD8D84FBB54B}.Release|iPhoneSimulator.Build.0 = Release|Any CPU
		{88591365-982E-41AF-9C02-AD8D84FBB54B}.Release|x64.ActiveCfg = Release|Any CPU
		{88591365-982E-41AF-9C02-AD8D84FBB54B}.Release|x64.Build.0 = Release|Any CPU
		{88591365-982E-41AF-9C02-AD8D84FBB54B}.Release|x86.ActiveCfg = Release|Any CPU
		{88591365-982E-41AF-9C02-AD8D84FBB54B}.Release|x86.Build.0 = Release|Any CPU
		{78B455C4-93FE-4F00-890F-21B9299CC5B4}.Ad-Hoc|Any CPU.ActiveCfg = Release|Any CPU
		{78B455C4-93FE-4F00-890F-21B9299CC5B4}.Ad-Hoc|Any CPU.Build.0 = Release|Any CPU
		{78B455C4-93FE-4F00-890F-21B9299CC5B4}.Ad-Hoc|ARM.ActiveCfg = Release|Any CPU
		{78B455C4-93FE-4F00-890F-21B9299CC5B4}.Ad-Hoc|ARM.Build.0 = Release|Any CPU
		{78B455C4-93FE-4F00-890F-21B9299CC5B4}.Ad-Hoc|iPhone.ActiveCfg = Release|Any CPU
		{78B455C4-93FE-4F00-890F-21B9299CC5B4}.Ad-Hoc|iPhone.Build.0 = Release|Any CPU
		{78B455C4-93FE-4F00-890F-21B9299CC5B4}.Ad-Hoc|iPhoneSimulator.ActiveCfg = Release|Any CPU
		{78B455C4-93FE-4F00-890F-21B9299CC5B4}.Ad-Hoc|iPhoneSimulator.Build.0 = Release|Any CPU
		{78B455C4-93FE-4F00-890F-21B9299CC5B4}.Ad-Hoc|x64.ActiveCfg = Release|Any CPU
		{78B455C4-93FE-4F00-890F-21B9299CC5B4}.Ad-Hoc|x64.Build.0 = Release|Any CPU
		{78B455C4-93FE-4F00-890F-21B9299CC5B4}.Ad-Hoc|x86.ActiveCfg = Release|Any CPU
		{78B455C4-93FE-4F00-890F-21B9299CC5B4}.Ad-Hoc|x86.Build.0 = Release|Any CPU
		{78B455C4-93FE-4F00-890F-21B9299CC5B4}.AppStore|Any CPU.ActiveCfg = Release|Any CPU
		{78B455C4-93FE-4F00-890F-21B9299CC5B4}.AppStore|Any CPU.Build.0 = Release|Any CPU
		{78B455C4-93FE-4F00-890F-21B9299CC5B4}.AppStore|ARM.ActiveCfg = Release|Any CPU
		{78B455C4-93FE-4F00-890F-21B9299CC5B4}.AppStore|ARM.Build.0 = Release|Any CPU
		{78B455C4-93FE-4F00-890F-21B9299CC5B4}.AppStore|iPhone.ActiveCfg = Release|Any CPU
		{78B455C4-93FE-4F00-890F-21B9299CC5B4}.AppStore|iPhone.Build.0 = Release|Any CPU
		{78B455C4-93FE-4F00-890F-21B9299CC5B4}.AppStore|iPhoneSimulator.ActiveCfg = Release|Any CPU
		{78B455C4-93FE-4F00-890F-21B9299CC5B4}.AppStore|iPhoneSimulator.Build.0 = Release|Any CPU
		{78B455C4-93FE-4F00-890F-21B9299CC5B4}.AppStore|x64.ActiveCfg = Release|Any CPU
		{78B455C4-93FE-4F00-890F-21B9299CC5B4}.AppStore|x64.Build.0 = Release|Any CPU
		{78B455C4-93FE-4F00-890F-21B9299CC5B4}.AppStore|x86.ActiveCfg = Release|Any CPU
		{78B455C4-93FE-4F00-890F-21B9299CC5B4}.AppStore|x86.Build.0 = Release|Any CPU
		{78B455C4-93FE-4F00-890F-21B9299CC5B4}.Debug|Any CPU.ActiveCfg = Debug|Any CPU
		{78B455C4-93FE-4F00-890F-21B9299CC5B4}.Debug|Any CPU.Build.0 = Debug|Any CPU
		{78B455C4-93FE-4F00-890F-21B9299CC5B4}.Debug|ARM.ActiveCfg = Debug|Any CPU
		{78B455C4-93FE-4F00-890F-21B9299CC5B4}.Debug|ARM.Build.0 = Debug|Any CPU
		{78B455C4-93FE-4F00-890F-21B9299CC5B4}.Debug|iPhone.ActiveCfg = Debug|Any CPU
		{78B455C4-93FE-4F00-890F-21B9299CC5B4}.Debug|iPhone.Build.0 = Debug|Any CPU
		{78B455C4-93FE-4F00-890F-21B9299CC5B4}.Debug|iPhoneSimulator.ActiveCfg = Debug|Any CPU
		{78B455C4-93FE-4F00-890F-21B9299CC5B4}.Debug|iPhoneSimulator.Build.0 = Debug|Any CPU
		{78B455C4-93FE-4F00-890F-21B9299CC5B4}.Debug|x64.ActiveCfg = Debug|Any CPU
		{78B455C4-93FE-4F00-890F-21B9299CC5B4}.Debug|x64.Build.0 = Debug|Any CPU
		{78B455C4-93FE-4F00-890F-21B9299CC5B4}.Debug|x86.ActiveCfg = Debug|Any CPU
		{78B455C4-93FE-4F00-890F-21B9299CC5B4}.Debug|x86.Build.0 = Debug|Any CPU
		{78B455C4-93FE-4F00-890F-21B9299CC5B4}.Release|Any CPU.ActiveCfg = Release|Any CPU
		{78B455C4-93FE-4F00-890F-21B9299CC5B4}.Release|Any CPU.Build.0 = Release|Any CPU
		{78B455C4-93FE-4F00-890F-21B9299CC5B4}.Release|ARM.ActiveCfg = Release|Any CPU
		{78B455C4-93FE-4F00-890F-21B9299CC5B4}.Release|ARM.Build.0 = Release|Any CPU
		{78B455C4-93FE-4F00-890F-21B9299CC5B4}.Release|iPhone.ActiveCfg = Release|Any CPU
		{78B455C4-93FE-4F00-890F-21B9299CC5B4}.Release|iPhone.Build.0 = Release|Any CPU
		{78B455C4-93FE-4F00-890F-21B9299CC5B4}.Release|iPhoneSimulator.ActiveCfg = Release|Any CPU
		{78B455C4-93FE-4F00-890F-21B9299CC5B4}.Release|iPhoneSimulator.Build.0 = Release|Any CPU
		{78B455C4-93FE-4F00-890F-21B9299CC5B4}.Release|x64.ActiveCfg = Release|Any CPU
		{78B455C4-93FE-4F00-890F-21B9299CC5B4}.Release|x64.Build.0 = Release|Any CPU
		{78B455C4-93FE-4F00-890F-21B9299CC5B4}.Release|x86.ActiveCfg = Release|Any CPU
		{78B455C4-93FE-4F00-890F-21B9299CC5B4}.Release|x86.Build.0 = Release|Any CPU
		{ADD4D660-A14D-4997-A805-EBD5ED97EF30}.Ad-Hoc|Any CPU.ActiveCfg = Release|Any CPU
		{ADD4D660-A14D-4997-A805-EBD5ED97EF30}.Ad-Hoc|Any CPU.Build.0 = Release|Any CPU
		{ADD4D660-A14D-4997-A805-EBD5ED97EF30}.Ad-Hoc|ARM.ActiveCfg = Release|Any CPU
		{ADD4D660-A14D-4997-A805-EBD5ED97EF30}.Ad-Hoc|ARM.Build.0 = Release|Any CPU
		{ADD4D660-A14D-4997-A805-EBD5ED97EF30}.Ad-Hoc|iPhone.ActiveCfg = Release|Any CPU
		{ADD4D660-A14D-4997-A805-EBD5ED97EF30}.Ad-Hoc|iPhone.Build.0 = Release|Any CPU
		{ADD4D660-A14D-4997-A805-EBD5ED97EF30}.Ad-Hoc|iPhoneSimulator.ActiveCfg = Release|Any CPU
		{ADD4D660-A14D-4997-A805-EBD5ED97EF30}.Ad-Hoc|iPhoneSimulator.Build.0 = Release|Any CPU
		{ADD4D660-A14D-4997-A805-EBD5ED97EF30}.Ad-Hoc|x64.ActiveCfg = Release|Any CPU
		{ADD4D660-A14D-4997-A805-EBD5ED97EF30}.Ad-Hoc|x64.Build.0 = Release|Any CPU
		{ADD4D660-A14D-4997-A805-EBD5ED97EF30}.Ad-Hoc|x86.ActiveCfg = Release|Any CPU
		{ADD4D660-A14D-4997-A805-EBD5ED97EF30}.Ad-Hoc|x86.Build.0 = Release|Any CPU
		{ADD4D660-A14D-4997-A805-EBD5ED97EF30}.AppStore|Any CPU.ActiveCfg = Release|Any CPU
		{ADD4D660-A14D-4997-A805-EBD5ED97EF30}.AppStore|Any CPU.Build.0 = Release|Any CPU
		{ADD4D660-A14D-4997-A805-EBD5ED97EF30}.AppStore|ARM.ActiveCfg = Release|Any CPU
		{ADD4D660-A14D-4997-A805-EBD5ED97EF30}.AppStore|ARM.Build.0 = Release|Any CPU
		{ADD4D660-A14D-4997-A805-EBD5ED97EF30}.AppStore|iPhone.ActiveCfg = Release|Any CPU
		{ADD4D660-A14D-4997-A805-EBD5ED97EF30}.AppStore|iPhone.Build.0 = Release|Any CPU
		{ADD4D660-A14D-4997-A805-EBD5ED97EF30}.AppStore|iPhoneSimulator.ActiveCfg = Release|Any CPU
		{ADD4D660-A14D-4997-A805-EBD5ED97EF30}.AppStore|iPhoneSimulator.Build.0 = Release|Any CPU
		{ADD4D660-A14D-4997-A805-EBD5ED97EF30}.AppStore|x64.ActiveCfg = Release|Any CPU
		{ADD4D660-A14D-4997-A805-EBD5ED97EF30}.AppStore|x64.Build.0 = Release|Any CPU
		{ADD4D660-A14D-4997-A805-EBD5ED97EF30}.AppStore|x86.ActiveCfg = Release|Any CPU
		{ADD4D660-A14D-4997-A805-EBD5ED97EF30}.AppStore|x86.Build.0 = Release|Any CPU
		{ADD4D660-A14D-4997-A805-EBD5ED97EF30}.Debug|Any CPU.ActiveCfg = Debug|Any CPU
		{ADD4D660-A14D-4997-A805-EBD5ED97EF30}.Debug|Any CPU.Build.0 = Debug|Any CPU
		{ADD4D660-A14D-4997-A805-EBD5ED97EF30}.Debug|ARM.ActiveCfg = Debug|Any CPU
		{ADD4D660-A14D-4997-A805-EBD5ED97EF30}.Debug|ARM.Build.0 = Debug|Any CPU
		{ADD4D660-A14D-4997-A805-EBD5ED97EF30}.Debug|iPhone.ActiveCfg = Debug|Any CPU
		{ADD4D660-A14D-4997-A805-EBD5ED97EF30}.Debug|iPhone.Build.0 = Debug|Any CPU
		{ADD4D660-A14D-4997-A805-EBD5ED97EF30}.Debug|iPhoneSimulator.ActiveCfg = Debug|Any CPU
		{ADD4D660-A14D-4997-A805-EBD5ED97EF30}.Debug|iPhoneSimulator.Build.0 = Debug|Any CPU
		{ADD4D660-A14D-4997-A805-EBD5ED97EF30}.Debug|x64.ActiveCfg = Debug|Any CPU
		{ADD4D660-A14D-4997-A805-EBD5ED97EF30}.Debug|x64.Build.0 = Debug|Any CPU
		{ADD4D660-A14D-4997-A805-EBD5ED97EF30}.Debug|x86.ActiveCfg = Debug|Any CPU
		{ADD4D660-A14D-4997-A805-EBD5ED97EF30}.Debug|x86.Build.0 = Debug|Any CPU
		{ADD4D660-A14D-4997-A805-EBD5ED97EF30}.Release|Any CPU.ActiveCfg = Release|Any CPU
		{ADD4D660-A14D-4997-A805-EBD5ED97EF30}.Release|Any CPU.Build.0 = Release|Any CPU
		{ADD4D660-A14D-4997-A805-EBD5ED97EF30}.Release|ARM.ActiveCfg = Release|Any CPU
		{ADD4D660-A14D-4997-A805-EBD5ED97EF30}.Release|ARM.Build.0 = Release|Any CPU
		{ADD4D660-A14D-4997-A805-EBD5ED97EF30}.Release|iPhone.ActiveCfg = Release|Any CPU
		{ADD4D660-A14D-4997-A805-EBD5ED97EF30}.Release|iPhone.Build.0 = Release|Any CPU
		{ADD4D660-A14D-4997-A805-EBD5ED97EF30}.Release|iPhoneSimulator.ActiveCfg = Release|Any CPU
		{ADD4D660-A14D-4997-A805-EBD5ED97EF30}.Release|iPhoneSimulator.Build.0 = Release|Any CPU
		{ADD4D660-A14D-4997-A805-EBD5ED97EF30}.Release|x64.ActiveCfg = Release|Any CPU
		{ADD4D660-A14D-4997-A805-EBD5ED97EF30}.Release|x64.Build.0 = Release|Any CPU
		{ADD4D660-A14D-4997-A805-EBD5ED97EF30}.Release|x86.ActiveCfg = Release|Any CPU
		{ADD4D660-A14D-4997-A805-EBD5ED97EF30}.Release|x86.Build.0 = Release|Any CPU
		{818737CB-33F1-460F-9C14-D3C0F0B46859}.Ad-Hoc|Any CPU.ActiveCfg = Release|Any CPU
		{818737CB-33F1-460F-9C14-D3C0F0B46859}.Ad-Hoc|Any CPU.Build.0 = Release|Any CPU
		{818737CB-33F1-460F-9C14-D3C0F0B46859}.Ad-Hoc|ARM.ActiveCfg = Release|Any CPU
		{818737CB-33F1-460F-9C14-D3C0F0B46859}.Ad-Hoc|ARM.Build.0 = Release|Any CPU
		{818737CB-33F1-460F-9C14-D3C0F0B46859}.Ad-Hoc|iPhone.ActiveCfg = Release|Any CPU
		{818737CB-33F1-460F-9C14-D3C0F0B46859}.Ad-Hoc|iPhone.Build.0 = Release|Any CPU
		{818737CB-33F1-460F-9C14-D3C0F0B46859}.Ad-Hoc|iPhoneSimulator.ActiveCfg = Release|Any CPU
		{818737CB-33F1-460F-9C14-D3C0F0B46859}.Ad-Hoc|iPhoneSimulator.Build.0 = Release|Any CPU
		{818737CB-33F1-460F-9C14-D3C0F0B46859}.Ad-Hoc|x64.ActiveCfg = Release|Any CPU
		{818737CB-33F1-460F-9C14-D3C0F0B46859}.Ad-Hoc|x64.Build.0 = Release|Any CPU
		{818737CB-33F1-460F-9C14-D3C0F0B46859}.Ad-Hoc|x86.ActiveCfg = Release|Any CPU
		{818737CB-33F1-460F-9C14-D3C0F0B46859}.Ad-Hoc|x86.Build.0 = Release|Any CPU
		{818737CB-33F1-460F-9C14-D3C0F0B46859}.AppStore|Any CPU.ActiveCfg = Release|Any CPU
		{818737CB-33F1-460F-9C14-D3C0F0B46859}.AppStore|Any CPU.Build.0 = Release|Any CPU
		{818737CB-33F1-460F-9C14-D3C0F0B46859}.AppStore|ARM.ActiveCfg = Release|Any CPU
		{818737CB-33F1-460F-9C14-D3C0F0B46859}.AppStore|ARM.Build.0 = Release|Any CPU
		{818737CB-33F1-460F-9C14-D3C0F0B46859}.AppStore|iPhone.ActiveCfg = Release|Any CPU
		{818737CB-33F1-460F-9C14-D3C0F0B46859}.AppStore|iPhone.Build.0 = Release|Any CPU
		{818737CB-33F1-460F-9C14-D3C0F0B46859}.AppStore|iPhoneSimulator.ActiveCfg = Release|Any CPU
		{818737CB-33F1-460F-9C14-D3C0F0B46859}.AppStore|iPhoneSimulator.Build.0 = Release|Any CPU
		{818737CB-33F1-460F-9C14-D3C0F0B46859}.AppStore|x64.ActiveCfg = Release|Any CPU
		{818737CB-33F1-460F-9C14-D3C0F0B46859}.AppStore|x64.Build.0 = Release|Any CPU
		{818737CB-33F1-460F-9C14-D3C0F0B46859}.AppStore|x86.ActiveCfg = Release|Any CPU
		{818737CB-33F1-460F-9C14-D3C0F0B46859}.AppStore|x86.Build.0 = Release|Any CPU
		{818737CB-33F1-460F-9C14-D3C0F0B46859}.Debug|Any CPU.ActiveCfg = Debug|Any CPU
		{818737CB-33F1-460F-9C14-D3C0F0B46859}.Debug|Any CPU.Build.0 = Debug|Any CPU
		{818737CB-33F1-460F-9C14-D3C0F0B46859}.Debug|ARM.ActiveCfg = Debug|Any CPU
		{818737CB-33F1-460F-9C14-D3C0F0B46859}.Debug|ARM.Build.0 = Debug|Any CPU
		{818737CB-33F1-460F-9C14-D3C0F0B46859}.Debug|iPhone.ActiveCfg = Debug|Any CPU
		{818737CB-33F1-460F-9C14-D3C0F0B46859}.Debug|iPhone.Build.0 = Debug|Any CPU
		{818737CB-33F1-460F-9C14-D3C0F0B46859}.Debug|iPhoneSimulator.ActiveCfg = Debug|Any CPU
		{818737CB-33F1-460F-9C14-D3C0F0B46859}.Debug|iPhoneSimulator.Build.0 = Debug|Any CPU
		{818737CB-33F1-460F-9C14-D3C0F0B46859}.Debug|x64.ActiveCfg = Debug|Any CPU
		{818737CB-33F1-460F-9C14-D3C0F0B46859}.Debug|x64.Build.0 = Debug|Any CPU
		{818737CB-33F1-460F-9C14-D3C0F0B46859}.Debug|x86.ActiveCfg = Debug|Any CPU
		{818737CB-33F1-460F-9C14-D3C0F0B46859}.Debug|x86.Build.0 = Debug|Any CPU
		{818737CB-33F1-460F-9C14-D3C0F0B46859}.Release|Any CPU.ActiveCfg = Release|Any CPU
		{818737CB-33F1-460F-9C14-D3C0F0B46859}.Release|Any CPU.Build.0 = Release|Any CPU
		{818737CB-33F1-460F-9C14-D3C0F0B46859}.Release|ARM.ActiveCfg = Release|Any CPU
		{818737CB-33F1-460F-9C14-D3C0F0B46859}.Release|ARM.Build.0 = Release|Any CPU
		{818737CB-33F1-460F-9C14-D3C0F0B46859}.Release|iPhone.ActiveCfg = Release|Any CPU
		{818737CB-33F1-460F-9C14-D3C0F0B46859}.Release|iPhone.Build.0 = Release|Any CPU
		{818737CB-33F1-460F-9C14-D3C0F0B46859}.Release|iPhoneSimulator.ActiveCfg = Release|Any CPU
		{818737CB-33F1-460F-9C14-D3C0F0B46859}.Release|iPhoneSimulator.Build.0 = Release|Any CPU
		{818737CB-33F1-460F-9C14-D3C0F0B46859}.Release|x64.ActiveCfg = Release|Any CPU
		{818737CB-33F1-460F-9C14-D3C0F0B46859}.Release|x64.Build.0 = Release|Any CPU
		{818737CB-33F1-460F-9C14-D3C0F0B46859}.Release|x86.ActiveCfg = Release|Any CPU
		{818737CB-33F1-460F-9C14-D3C0F0B46859}.Release|x86.Build.0 = Release|Any CPU
		{B3E618FE-975D-481C-93B8-69A85BA01472}.Ad-Hoc|Any CPU.ActiveCfg = Debug|iPhoneSimulator
		{B3E618FE-975D-481C-93B8-69A85BA01472}.Ad-Hoc|Any CPU.Build.0 = Debug|iPhoneSimulator
		{B3E618FE-975D-481C-93B8-69A85BA01472}.Ad-Hoc|ARM.ActiveCfg = Debug|iPhoneSimulator
		{B3E618FE-975D-481C-93B8-69A85BA01472}.Ad-Hoc|ARM.Build.0 = Debug|iPhoneSimulator
		{B3E618FE-975D-481C-93B8-69A85BA01472}.Ad-Hoc|iPhone.ActiveCfg = Release|iPhone
		{B3E618FE-975D-481C-93B8-69A85BA01472}.Ad-Hoc|iPhone.Build.0 = Release|iPhone
		{B3E618FE-975D-481C-93B8-69A85BA01472}.Ad-Hoc|iPhoneSimulator.ActiveCfg = Debug|iPhoneSimulator
		{B3E618FE-975D-481C-93B8-69A85BA01472}.Ad-Hoc|iPhoneSimulator.Build.0 = Debug|iPhoneSimulator
		{B3E618FE-975D-481C-93B8-69A85BA01472}.Ad-Hoc|x64.ActiveCfg = Debug|iPhoneSimulator
		{B3E618FE-975D-481C-93B8-69A85BA01472}.Ad-Hoc|x64.Build.0 = Debug|iPhoneSimulator
		{B3E618FE-975D-481C-93B8-69A85BA01472}.Ad-Hoc|x86.ActiveCfg = Debug|iPhoneSimulator
		{B3E618FE-975D-481C-93B8-69A85BA01472}.Ad-Hoc|x86.Build.0 = Debug|iPhoneSimulator
		{B3E618FE-975D-481C-93B8-69A85BA01472}.AppStore|Any CPU.ActiveCfg = Debug|iPhoneSimulator
		{B3E618FE-975D-481C-93B8-69A85BA01472}.AppStore|Any CPU.Build.0 = Debug|iPhoneSimulator
		{B3E618FE-975D-481C-93B8-69A85BA01472}.AppStore|ARM.ActiveCfg = Debug|iPhoneSimulator
		{B3E618FE-975D-481C-93B8-69A85BA01472}.AppStore|ARM.Build.0 = Debug|iPhoneSimulator
		{B3E618FE-975D-481C-93B8-69A85BA01472}.AppStore|iPhone.ActiveCfg = Release|iPhone
		{B3E618FE-975D-481C-93B8-69A85BA01472}.AppStore|iPhone.Build.0 = Release|iPhone
		{B3E618FE-975D-481C-93B8-69A85BA01472}.AppStore|iPhoneSimulator.ActiveCfg = Debug|iPhoneSimulator
		{B3E618FE-975D-481C-93B8-69A85BA01472}.AppStore|iPhoneSimulator.Build.0 = Debug|iPhoneSimulator
		{B3E618FE-975D-481C-93B8-69A85BA01472}.AppStore|x64.ActiveCfg = Debug|iPhoneSimulator
		{B3E618FE-975D-481C-93B8-69A85BA01472}.AppStore|x64.Build.0 = Debug|iPhoneSimulator
		{B3E618FE-975D-481C-93B8-69A85BA01472}.AppStore|x86.ActiveCfg = Debug|iPhoneSimulator
		{B3E618FE-975D-481C-93B8-69A85BA01472}.AppStore|x86.Build.0 = Debug|iPhoneSimulator
		{B3E618FE-975D-481C-93B8-69A85BA01472}.Debug|Any CPU.ActiveCfg = Debug|iPhoneSimulator
		{B3E618FE-975D-481C-93B8-69A85BA01472}.Debug|Any CPU.Build.0 = Debug|iPhoneSimulator
		{B3E618FE-975D-481C-93B8-69A85BA01472}.Debug|ARM.ActiveCfg = Debug|iPhoneSimulator
		{B3E618FE-975D-481C-93B8-69A85BA01472}.Debug|ARM.Build.0 = Debug|iPhoneSimulator
		{B3E618FE-975D-481C-93B8-69A85BA01472}.Debug|iPhone.ActiveCfg = Debug|iPhone
		{B3E618FE-975D-481C-93B8-69A85BA01472}.Debug|iPhone.Build.0 = Debug|iPhone
		{B3E618FE-975D-481C-93B8-69A85BA01472}.Debug|iPhoneSimulator.ActiveCfg = Debug|iPhoneSimulator
		{B3E618FE-975D-481C-93B8-69A85BA01472}.Debug|iPhoneSimulator.Build.0 = Debug|iPhoneSimulator
		{B3E618FE-975D-481C-93B8-69A85BA01472}.Debug|x64.ActiveCfg = Debug|iPhoneSimulator
		{B3E618FE-975D-481C-93B8-69A85BA01472}.Debug|x64.Build.0 = Debug|iPhoneSimulator
		{B3E618FE-975D-481C-93B8-69A85BA01472}.Debug|x86.ActiveCfg = Debug|iPhoneSimulator
		{B3E618FE-975D-481C-93B8-69A85BA01472}.Debug|x86.Build.0 = Debug|iPhoneSimulator
		{B3E618FE-975D-481C-93B8-69A85BA01472}.Release|Any CPU.ActiveCfg = Release|iPhone
		{B3E618FE-975D-481C-93B8-69A85BA01472}.Release|Any CPU.Build.0 = Release|iPhone
		{B3E618FE-975D-481C-93B8-69A85BA01472}.Release|ARM.ActiveCfg = Release|iPhone
		{B3E618FE-975D-481C-93B8-69A85BA01472}.Release|ARM.Build.0 = Release|iPhone
		{B3E618FE-975D-481C-93B8-69A85BA01472}.Release|iPhone.ActiveCfg = Release|iPhone
		{B3E618FE-975D-481C-93B8-69A85BA01472}.Release|iPhone.Build.0 = Release|iPhone
		{B3E618FE-975D-481C-93B8-69A85BA01472}.Release|iPhoneSimulator.ActiveCfg = Release|iPhoneSimulator
		{B3E618FE-975D-481C-93B8-69A85BA01472}.Release|iPhoneSimulator.Build.0 = Release|iPhoneSimulator
		{B3E618FE-975D-481C-93B8-69A85BA01472}.Release|x64.ActiveCfg = Release|iPhone
		{B3E618FE-975D-481C-93B8-69A85BA01472}.Release|x64.Build.0 = Release|iPhone
		{B3E618FE-975D-481C-93B8-69A85BA01472}.Release|x86.ActiveCfg = Release|iPhone
		{B3E618FE-975D-481C-93B8-69A85BA01472}.Release|x86.Build.0 = Release|iPhone
	EndGlobalSection
	GlobalSection(SolutionProperties) = preSolution
		HideSolutionNode = FALSE
	EndGlobalSection
	GlobalSection(NestedProjects) = preSolution
		{0A86C2E9-C70C-4FDE-8AE5-1BF4A19BA3BF} = {D0A9143F-BC01-4998-BDA6-42AA5916695B}
		{48625032-196A-4236-B988-315CD07C6FE9} = {D0A9143F-BC01-4998-BDA6-42AA5916695B}
		{223533BE-CEEF-4DBB-9715-74EC14345A2A} = {D0A9143F-BC01-4998-BDA6-42AA5916695B}
		{A53F1709-EEA6-4B78-A490-4B2907B5D719} = {D0A9143F-BC01-4998-BDA6-42AA5916695B}
		{88591365-982E-41AF-9C02-AD8D84FBB54B} = {6BB26753-B283-4E41-A897-7122E6DC4239}
		{78B455C4-93FE-4F00-890F-21B9299CC5B4} = {6BB26753-B283-4E41-A897-7122E6DC4239}
		{ADD4D660-A14D-4997-A805-EBD5ED97EF30} = {6BB26753-B283-4E41-A897-7122E6DC4239}
		{818737CB-33F1-460F-9C14-D3C0F0B46859} = {D0A9143F-BC01-4998-BDA6-42AA5916695B}
		{B3E618FE-975D-481C-93B8-69A85BA01472} = {D0A9143F-BC01-4998-BDA6-42AA5916695B}
	EndGlobalSection
	GlobalSection(MonoDevelopProperties) = preSolution
		Policies = $0
		$0.TextStylePolicy = $1
		$1.inheritsSet = VisualStudio
		$1.inheritsScope = text/plain
		$1.scope = text/x-csharp
		$0.CSharpFormattingPolicy = $2
		$2.IndentSwitchSection = True
		$2.NewLinesForBracesInProperties = True
		$2.NewLinesForBracesInAccessors = True
		$2.NewLinesForBracesInAnonymousMethods = True
		$2.NewLinesForBracesInControlBlocks = True
		$2.NewLinesForBracesInAnonymousTypes = True
		$2.NewLinesForBracesInObjectCollectionArrayInitializers = True
		$2.NewLinesForBracesInLambdaExpressionBody = True
		$2.NewLineForElse = True
		$2.NewLineForCatch = True
		$2.NewLineForFinally = True
		$2.NewLineForMembersInObjectInit = True
		$2.NewLineForMembersInAnonymousTypes = True
		$2.NewLineForClausesInQuery = True
		$2.SpacingAfterMethodDeclarationName = False
		$2.SpaceAfterMethodCallName = False
		$2.SpaceBeforeOpenSquareBracket = False
		$2.inheritsSet = Mono
		$2.inheritsScope = text/x-csharp
		$2.scope = text/x-csharp
	EndGlobalSection
EndGlobal
